
Microsoft Visual Studio Solution File, Format Version 12.00
# Visual Studio Version 17
VisualStudioVersion = 17.4.33403.182
MinimumVisualStudioVersion = 10.0.40219.1
Project("{FAE04EC0-301F-11D3-BF4B-00C04F79EFBC}") = "Encrypt DeCrypt Program", "Encrypt DeCrypt Program.csproj", "{8387015E-04FB-4F4D-8624-ECDD5B7BFE21}"
EndProject
Global
	GlobalSection(SolutionConfigurationPlatforms) = preSolution
		Debug|Any CPU = Debug|Any CPU
		Release|Any CPU = Release|Any CPU
	EndGlobalSection
	GlobalSection(ProjectConfigurationPlatforms) = postSolution
		{8387015E-04FB-4F4D-8624-ECDD5B7BFE21}.Debug|Any CPU.ActiveCfg = Debug|Any CPU
		{8387015E-04FB-4F4D-8624-ECDD5B7BFE21}.Debug|Any CPU.Build.0 = Debug|Any CPU
		{8387015E-04FB-4F4D-8624-ECDD5B7BFE21}.Release|Any CPU.ActiveCfg = Release|Any CPU
		{8387015E-04FB-4F4D-8624-ECDD5B7BFE21}.Release|Any CPU.Build.0 = Release|Any CPU
	EndGlobalSection
	GlobalSection(SolutionProperties) = preSolution
		HideSolutionNode = FALSE
	EndGlobalSection
	GlobalSection(ExtensibilityGlobals) = postSolution
		SolutionGuid = {553DC243-866C-4FFA-B80D-F4F657A3D0DE}
	EndGlobalSection
EndGlobal
